
Microsoft Visual Studio Solution File, Format Version 12.00
# Visual Studio Version 17
VisualStudioVersion = 17.11.35222.181
MinimumVisualStudioVersion = 10.0.40219.1
Project("{9A19103F-16F7-4668-BE54-9A1E7A4F7556}") = "TTHDotNetCore.ConsoleApp", "TTHDotNetCore.ConsoleApp\TTHDotNetCore.ConsoleApp.csproj", "{D141D95F-8843-49AE-930B-B7D01780FF15}"
EndProject
Project("{2150E333-8FDC-42A3-9474-1A3956D46DE8}") = "Documents", "Documents", "{920B7AA3-2148-4DAA-8C44-5D9DA062D3B4}"
	ProjectSection(SolutionItems) = preProject
		README.md = README.md
	EndProjectSection
EndProject
Project("{9A19103F-16F7-4668-BE54-9A1E7A4F7556}") = "TTHDotNetCore.Database", "TTHDotNetCore.Database\TTHDotNetCore.Database.csproj", "{06269469-1214-4F8F-891F-59241B0C99A4}"
EndProject
Project("{9A19103F-16F7-4668-BE54-9A1E7A4F7556}") = "TTHDotNetCore.ConsoleApp2", "TTHDotNetCore.ConsoleApp2\TTHDotNetCore.ConsoleApp2.csproj", "{C0595426-C855-4BD5-BB7F-92FE2C8FA8BC}"
EndProject
Project("{9A19103F-16F7-4668-BE54-9A1E7A4F7556}") = "TTHDotNetCore.RestApi", "TTHDotNetCore.RestApi\TTHDotNetCore.RestApi.csproj", "{C8729BAB-14A2-459F-B3FE-C69D202465E2}"
EndProject
Project("{9A19103F-16F7-4668-BE54-9A1E7A4F7556}") = "TTHDotNetCore.Shared", "TTHDotNetCore.Shared\TTHDotNetCore.Shared.csproj", "{244A3116-762A-4C61-B551-09D31FCE31B5}"
EndProject
Project("{FAE04EC0-301F-11D3-BF4B-00C04F79EFBC}") = "TTHDotNetCore.MinimalApi", "TTHDotNetCore.MinimalApi\TTHDotNetCore.MinimalApi.csproj", "{FA9587A4-D4C2-491C-9D6A-9D15F863DA8B}"
EndProject
Project("{2150E333-8FDC-42A3-9474-1A3956D46DE8}") = "Solution Items", "Solution Items", "{A05C7277-5AF9-40E7-9D4C-33F8655817A8}"
	ProjectSection(SolutionItems) = preProject
		.editorconfig = .editorconfig
	EndProjectSection
EndProject
Global
	GlobalSection(SolutionConfigurationPlatforms) = preSolution
		Debug|Any CPU = Debug|Any CPU
		Release|Any CPU = Release|Any CPU
	EndGlobalSection
	GlobalSection(ProjectConfigurationPlatforms) = postSolution
		{D141D95F-8843-49AE-930B-B7D01780FF15}.Debug|Any CPU.ActiveCfg = Debug|Any CPU
		{D141D95F-8843-49AE-930B-B7D01780FF15}.Debug|Any CPU.Build.0 = Debug|Any CPU
		{D141D95F-8843-49AE-930B-B7D01780FF15}.Release|Any CPU.ActiveCfg = Release|Any CPU
		{D141D95F-8843-49AE-930B-B7D01780FF15}.Release|Any CPU.Build.0 = Release|Any CPU
		{06269469-1214-4F8F-891F-59241B0C99A4}.Debug|Any CPU.ActiveCfg = Debug|Any CPU
		{06269469-1214-4F8F-891F-59241B0C99A4}.Debug|Any CPU.Build.0 = Debug|Any CPU
		{06269469-1214-4F8F-891F-59241B0C99A4}.Release|Any CPU.ActiveCfg = Release|Any CPU
		{06269469-1214-4F8F-891F-59241B0C99A4}.Release|Any CPU.Build.0 = Release|Any CPU
		{C0595426-C855-4BD5-BB7F-92FE2C8FA8BC}.Debug|Any CPU.ActiveCfg = Debug|Any CPU
		{C0595426-C855-4BD5-BB7F-92FE2C8FA8BC}.Debug|Any CPU.Build.0 = Debug|Any CPU
		{C0595426-C855-4BD5-BB7F-92FE2C8FA8BC}.Release|Any CPU.ActiveCfg = Release|Any CPU
		{C0595426-C855-4BD5-BB7F-92FE2C8FA8BC}.Release|Any CPU.Build.0 = Release|Any CPU
		{C8729BAB-14A2-459F-B3FE-C69D202465E2}.Debug|Any CPU.ActiveCfg = Debug|Any CPU
		{C8729BAB-14A2-459F-B3FE-C69D202465E2}.Debug|Any CPU.Build.0 = Debug|Any CPU
		{C8729BAB-14A2-459F-B3FE-C69D202465E2}.Release|Any CPU.ActiveCfg = Release|Any CPU
		{C8729BAB-14A2-459F-B3FE-C69D202465E2}.Release|Any CPU.Build.0 = Release|Any CPU
		{244A3116-762A-4C61-B551-09D31FCE31B5}.Debug|Any CPU.ActiveCfg = Debug|Any CPU
		{244A3116-762A-4C61-B551-09D31FCE31B5}.Debug|Any CPU.Build.0 = Debug|Any CPU
		{244A3116-762A-4C61-B551-09D31FCE31B5}.Release|Any CPU.ActiveCfg = Release|Any CPU
		{244A3116-762A-4C61-B551-09D31FCE31B5}.Release|Any CPU.Build.0 = Release|Any CPU
		{FA9587A4-D4C2-491C-9D6A-9D15F863DA8B}.Debug|Any CPU.ActiveCfg = Debug|Any CPU
		{FA9587A4-D4C2-491C-9D6A-9D15F863DA8B}.Debug|Any CPU.Build.0 = Debug|Any CPU
		{FA9587A4-D4C2-491C-9D6A-9D15F863DA8B}.Release|Any CPU.ActiveCfg = Release|Any CPU
		{FA9587A4-D4C2-491C-9D6A-9D15F863DA8B}.Release|Any CPU.Build.0 = Release|Any CPU
	EndGlobalSection
	GlobalSection(SolutionProperties) = preSolution
		HideSolutionNode = FALSE
	EndGlobalSection
	GlobalSection(ExtensibilityGlobals) = postSolution
		SolutionGuid = {8B7978B0-B069-46A0-8704-DE69D4241E55}
	EndGlobalSection
EndGlobal
